
Microsoft Visual Studio Solution File, Format Version 12.00
# Visual Studio Version 16
VisualStudioVersion = 16.0.30804.86
MinimumVisualStudioVersion = 10.0.40219.1
Project("{FAE04EC0-301F-11D3-BF4B-00C04F79EFBC}") = "FirstWebApp", "FirstWebApp.csproj", "{7F358D15-F178-4AFB-B484-046E2B034AA6}"
EndProject
Global
	GlobalSection(SolutionConfigurationPlatforms) = preSolution
		Debug|Any CPU = Debug|Any CPU
		Release|Any CPU = Release|Any CPU
	EndGlobalSection
	GlobalSection(ProjectConfigurationPlatforms) = postSolution
		{7F358D15-F178-4AFB-B484-046E2B034AA6}.Debug|Any CPU.ActiveCfg = Debug|Any CPU
		{7F358D15-F178-4AFB-B484-046E2B034AA6}.Debug|Any CPU.Build.0 = Debug|Any CPU
		{7F358D15-F178-4AFB-B484-046E2B034AA6}.Release|Any CPU.ActiveCfg = Release|Any CPU
		{7F358D15-F178-4AFB-B484-046E2B034AA6}.Release|Any CPU.Build.0 = Release|Any CPU
	EndGlobalSection
	GlobalSection(SolutionProperties) = preSolution
		HideSolutionNode = FALSE
	EndGlobalSection
	GlobalSection(ExtensibilityGlobals) = postSolution
		SolutionGuid = {5F56DA73-8269-40AF-9B0A-28292B976CFC}
	EndGlobalSection
EndGlobal
